
Microsoft Visual Studio Solution File, Format Version 12.00
# Visual Studio Version 16
VisualStudioVersion = 16.0.31321.278
MinimumVisualStudioVersion = 10.0.40219.1
Project("{9A19103F-16F7-4668-BE54-9A1E7A4F7556}") = "Community.OData.Linq", "Community.Data.OData.Linq\Community.OData.Linq.csproj", "{0EA4A9B7-BEE7-4500-8676-0B18E7B369D2}"
EndProject
Project("{9A19103F-16F7-4668-BE54-9A1E7A4F7556}") = "Community.OData.Linq.xTests", "Community.Data.OData.Linq.xTests\Community.OData.Linq.xTests.csproj", "{6B5E0D65-A1AE-4EB4-A496-B6588F03D373}"
EndProject
Project("{2150E333-8FDC-42A3-9474-1A3956D46DE8}") = "Solution Items", "Solution Items", "{9CBF15A2-B552-47EB-B2A1-475E4B05A4CA}"
	ProjectSection(SolutionItems) = preProject
		build.ps1 = build.ps1
		docker-compose.yml = docker-compose.yml
		LICENSE = LICENSE
		localEnv.ps1 = localEnv.ps1
		README.md = README.md
		tests.ps1 = tests.ps1
	EndProjectSection
EndProject
Project("{9A19103F-16F7-4668-BE54-9A1E7A4F7556}") = "Community.OData.Linq.Demo", "Community.OData.Linq.Demo\Community.OData.Linq.Demo.csproj", "{DE428072-2C49-4F4A-8F2E-DB976C0BC797}"
EndProject
Project("{9A19103F-16F7-4668-BE54-9A1E7A4F7556}") = "Community.OData.Linq.Json", "Community.OData.Linq.Json\Community.OData.Linq.Json.csproj", "{6C454F01-28D1-49B1-BE98-244E5DA2D095}"
EndProject
Project("{9A19103F-16F7-4668-BE54-9A1E7A4F7556}") = "Community.OData.Linq.EF6Tests", "Community.OData.Linq.EF6Tests\Community.OData.Linq.EF6Tests.csproj", "{F034D1D8-D44A-4B0E-96C4-855F30B239BA}"
EndProject
Project("{9A19103F-16F7-4668-BE54-9A1E7A4F7556}") = "Community.OData.Linq.AspNetCore", "Community.OData.Linq.AspNetCore\Community.OData.Linq.AspNetCore.csproj", "{8F6BC2CA-5442-4A2E-A133-D62A93394ABE}"
EndProject
Project("{9A19103F-16F7-4668-BE54-9A1E7A4F7556}") = "Community.OData.Linq.AspNetCore.IntegrationTests", "Community.OData.Linq.AspNetCore.IntegrationTests\Community.OData.Linq.AspNetCore.IntegrationTests.csproj", "{E879A557-82B2-4466-8A7C-590E3DFBFBF0}"
EndProject
Project("{9A19103F-16F7-4668-BE54-9A1E7A4F7556}") = "Community.OData.Linq.SolrNetLinqTests", "Community.OData.Linq.SolrNetLinqTests\Community.OData.Linq.SolrNetLinqTests.csproj", "{631CE3F7-DEB5-4BCB-9FB3-6807CCF5A7F7}"
EndProject
Global
	GlobalSection(SolutionConfigurationPlatforms) = preSolution
		CodeAnalysis|Any CPU = CodeAnalysis|Any CPU
		Debug|Any CPU = Debug|Any CPU
		Release|Any CPU = Release|Any CPU
	EndGlobalSection
	GlobalSection(ProjectConfigurationPlatforms) = postSolution
		{0EA4A9B7-BEE7-4500-8676-0B18E7B369D2}.CodeAnalysis|Any CPU.ActiveCfg = Release|Any CPU
		{0EA4A9B7-BEE7-4500-8676-0B18E7B369D2}.CodeAnalysis|Any CPU.Build.0 = Release|Any CPU
		{0EA4A9B7-BEE7-4500-8676-0B18E7B369D2}.Debug|Any CPU.ActiveCfg = Debug|Any CPU
		{0EA4A9B7-BEE7-4500-8676-0B18E7B369D2}.Debug|Any CPU.Build.0 = Debug|Any CPU
		{0EA4A9B7-BEE7-4500-8676-0B18E7B369D2}.Release|Any CPU.ActiveCfg = Release|Any CPU
		{0EA4A9B7-BEE7-4500-8676-0B18E7B369D2}.Release|Any CPU.Build.0 = Release|Any CPU
		{6B5E0D65-A1AE-4EB4-A496-B6588F03D373}.CodeAnalysis|Any CPU.ActiveCfg = Release|Any CPU
		{6B5E0D65-A1AE-4EB4-A496-B6588F03D373}.CodeAnalysis|Any CPU.Build.0 = Release|Any CPU
		{6B5E0D65-A1AE-4EB4-A496-B6588F03D373}.Debug|Any CPU.ActiveCfg = Debug|Any CPU
		{6B5E0D65-A1AE-4EB4-A496-B6588F03D373}.Debug|Any CPU.Build.0 = Debug|Any CPU
		{6B5E0D65-A1AE-4EB4-A496-B6588F03D373}.Release|Any CPU.ActiveCfg = Release|Any CPU
		{6B5E0D65-A1AE-4EB4-A496-B6588F03D373}.Release|Any CPU.Build.0 = Release|Any CPU
		{DE428072-2C49-4F4A-8F2E-DB976C0BC797}.CodeAnalysis|Any CPU.ActiveCfg = Debug|Any CPU
		{DE428072-2C49-4F4A-8F2E-DB976C0BC797}.CodeAnalysis|Any CPU.Build.0 = Debug|Any CPU
		{DE428072-2C49-4F4A-8F2E-DB976C0BC797}.Debug|Any CPU.ActiveCfg = Debug|Any CPU
		{DE428072-2C49-4F4A-8F2E-DB976C0BC797}.Debug|Any CPU.Build.0 = Debug|Any CPU
		{DE428072-2C49-4F4A-8F2E-DB976C0BC797}.Release|Any CPU.ActiveCfg = Release|Any CPU
		{DE428072-2C49-4F4A-8F2E-DB976C0BC797}.Release|Any CPU.Build.0 = Release|Any CPU
		{6C454F01-28D1-49B1-BE98-244E5DA2D095}.CodeAnalysis|Any CPU.ActiveCfg = Debug|Any CPU
		{6C454F01-28D1-49B1-BE98-244E5DA2D095}.CodeAnalysis|Any CPU.Build.0 = Debug|Any CPU
		{6C454F01-28D1-49B1-BE98-244E5DA2D095}.Debug|Any CPU.ActiveCfg = Debug|Any CPU
		{6C454F01-28D1-49B1-BE98-244E5DA2D095}.Debug|Any CPU.Build.0 = Debug|Any CPU
		{6C454F01-28D1-49B1-BE98-244E5DA2D095}.Release|Any CPU.ActiveCfg = Release|Any CPU
		{6C454F01-28D1-49B1-BE98-244E5DA2D095}.Release|Any CPU.Build.0 = Release|Any CPU
		{F034D1D8-D44A-4B0E-96C4-855F30B239BA}.CodeAnalysis|Any CPU.ActiveCfg = Debug|Any CPU
		{F034D1D8-D44A-4B0E-96C4-855F30B239BA}.CodeAnalysis|Any CPU.Build.0 = Debug|Any CPU
		{F034D1D8-D44A-4B0E-96C4-855F30B239BA}.Debug|Any CPU.ActiveCfg = Debug|Any CPU
		{F034D1D8-D44A-4B0E-96C4-855F30B239BA}.Debug|Any CPU.Build.0 = Debug|Any CPU
		{F034D1D8-D44A-4B0E-96C4-855F30B239BA}.Release|Any CPU.ActiveCfg = Release|Any CPU
		{F034D1D8-D44A-4B0E-96C4-855F30B239BA}.Release|Any CPU.Build.0 = Release|Any CPU
		{8F6BC2CA-5442-4A2E-A133-D62A93394ABE}.CodeAnalysis|Any CPU.ActiveCfg = Debug|Any CPU
		{8F6BC2CA-5442-4A2E-A133-D62A93394ABE}.CodeAnalysis|Any CPU.Build.0 = Debug|Any CPU
		{8F6BC2CA-5442-4A2E-A133-D62A93394ABE}.Debug|Any CPU.ActiveCfg = Debug|Any CPU
		{8F6BC2CA-5442-4A2E-A133-D62A93394ABE}.Debug|Any CPU.Build.0 = Debug|Any CPU
		{8F6BC2CA-5442-4A2E-A133-D62A93394ABE}.Release|Any CPU.ActiveCfg = Release|Any CPU
		{8F6BC2CA-5442-4A2E-A133-D62A93394ABE}.Release|Any CPU.Build.0 = Release|Any CPU
		{E879A557-82B2-4466-8A7C-590E3DFBFBF0}.CodeAnalysis|Any CPU.ActiveCfg = Debug|Any CPU
		{E879A557-82B2-4466-8A7C-590E3DFBFBF0}.CodeAnalysis|Any CPU.Build.0 = Debug|Any CPU
		{E879A557-82B2-4466-8A7C-590E3DFBFBF0}.Debug|Any CPU.ActiveCfg = Debug|Any CPU
		{E879A557-82B2-4466-8A7C-590E3DFBFBF0}.Debug|Any CPU.Build.0 = Debug|Any CPU
		{E879A557-82B2-4466-8A7C-590E3DFBFBF0}.Release|Any CPU.ActiveCfg = Release|Any CPU
		{E879A557-82B2-4466-8A7C-590E3DFBFBF0}.Release|Any CPU.Build.0 = Release|Any CPU
		{631CE3F7-DEB5-4BCB-9FB3-6807CCF5A7F7}.CodeAnalysis|Any CPU.ActiveCfg = Debug|Any CPU
		{631CE3F7-DEB5-4BCB-9FB3-6807CCF5A7F7}.CodeAnalysis|Any CPU.Build.0 = Debug|Any CPU
		{631CE3F7-DEB5-4BCB-9FB3-6807CCF5A7F7}.Debug|Any CPU.ActiveCfg = Debug|Any CPU
		{631CE3F7-DEB5-4BCB-9FB3-6807CCF5A7F7}.Debug|Any CPU.Build.0 = Debug|Any CPU
		{631CE3F7-DEB5-4BCB-9FB3-6807CCF5A7F7}.Release|Any CPU.ActiveCfg = Release|Any CPU
		{631CE3F7-DEB5-4BCB-9FB3-6807CCF5A7F7}.Release|Any CPU.Build.0 = Release|Any CPU
	EndGlobalSection
	GlobalSection(SolutionProperties) = preSolution
		HideSolutionNode = FALSE
	EndGlobalSection
	GlobalSection(ExtensibilityGlobals) = postSolution
		SolutionGuid = {37DC81EB-20AF-438E-849F-6659D0FA1318}
	EndGlobalSection
EndGlobal
