
Microsoft Visual Studio Solution File, Format Version 12.00
# Visual Studio 15
VisualStudioVersion = 15.0.27130.2024
MinimumVisualStudioVersion = 10.0.40219.1
Project("{9A19103F-16F7-4668-BE54-9A1E7A4F7556}") = "Community.OData.Linq", "Community.Data.OData.Linq\Community.OData.Linq.csproj", "{0EA4A9B7-BEE7-4500-8676-0B18E7B369D2}"
EndProject
Project("{9A19103F-16F7-4668-BE54-9A1E7A4F7556}") = "Community.OData.Linq.xTests", "Community.Data.OData.Linq.xTests\Community.OData.Linq.xTests.csproj", "{6B5E0D65-A1AE-4EB4-A496-B6588F03D373}"
EndProject
Project("{2150E333-8FDC-42A3-9474-1A3956D46DE8}") = "Solution Items", "Solution Items", "{9CBF15A2-B552-47EB-B2A1-475E4B05A4CA}"
	ProjectSection(SolutionItems) = preProject
		LICENSE = LICENSE
		README.md = README.md
		TODO.txt = TODO.txt
	EndProjectSection
EndProject
Global
	GlobalSection(SolutionConfigurationPlatforms) = preSolution
		CodeAnalysis|Any CPU = CodeAnalysis|Any CPU
		Debug|Any CPU = Debug|Any CPU
		Release|Any CPU = Release|Any CPU
	EndGlobalSection
	GlobalSection(ProjectConfigurationPlatforms) = postSolution
		{0EA4A9B7-BEE7-4500-8676-0B18E7B369D2}.CodeAnalysis|Any CPU.ActiveCfg = Release|Any CPU
		{0EA4A9B7-BEE7-4500-8676-0B18E7B369D2}.CodeAnalysis|Any CPU.Build.0 = Release|Any CPU
		{0EA4A9B7-BEE7-4500-8676-0B18E7B369D2}.Debug|Any CPU.ActiveCfg = Debug|Any CPU
		{0EA4A9B7-BEE7-4500-8676-0B18E7B369D2}.Debug|Any CPU.Build.0 = Debug|Any CPU
		{0EA4A9B7-BEE7-4500-8676-0B18E7B369D2}.Release|Any CPU.ActiveCfg = Release|Any CPU
		{0EA4A9B7-BEE7-4500-8676-0B18E7B369D2}.Release|Any CPU.Build.0 = Release|Any CPU
		{6B5E0D65-A1AE-4EB4-A496-B6588F03D373}.CodeAnalysis|Any CPU.ActiveCfg = Release|Any CPU
		{6B5E0D65-A1AE-4EB4-A496-B6588F03D373}.CodeAnalysis|Any CPU.Build.0 = Release|Any CPU
		{6B5E0D65-A1AE-4EB4-A496-B6588F03D373}.Debug|Any CPU.ActiveCfg = Debug|Any CPU
		{6B5E0D65-A1AE-4EB4-A496-B6588F03D373}.Debug|Any CPU.Build.0 = Debug|Any CPU
		{6B5E0D65-A1AE-4EB4-A496-B6588F03D373}.Release|Any CPU.ActiveCfg = Release|Any CPU
		{6B5E0D65-A1AE-4EB4-A496-B6588F03D373}.Release|Any CPU.Build.0 = Release|Any CPU
	EndGlobalSection
	GlobalSection(SolutionProperties) = preSolution
		HideSolutionNode = FALSE
	EndGlobalSection
	GlobalSection(ExtensibilityGlobals) = postSolution
		SolutionGuid = {37DC81EB-20AF-438E-849F-6659D0FA1318}
	EndGlobalSection
EndGlobal
